
Microsoft Visual Studio Solution File, Format Version 12.00
# Visual Studio Version 17
VisualStudioVersion = 17.0.31903.59
MinimumVisualStudioVersion = 10.0.40219.1
Project("{FAE04EC0-301F-11D3-BF4B-00C04F79EFBC}") = "MinimalApiUrlFilter", "MinimalApiUrlFilter\MinimalApiUrlFilter.csproj", "{E1FFBEA0-5FCB-4F42-B0D8-365A259F5DC4}"
EndProject
Global
	GlobalSection(SolutionConfigurationPlatforms) = preSolution
		Debug|Any CPU = Debug|Any CPU
		Release|Any CPU = Release|Any CPU
	EndGlobalSection
	GlobalSection(ProjectConfigurationPlatforms) = postSolution
		{E1FFBEA0-5FCB-4F42-B0D8-365A259F5DC4}.Debug|Any CPU.ActiveCfg = Debug|Any CPU
		{E1FFBEA0-5FCB-4F42-B0D8-365A259F5DC4}.Debug|Any CPU.Build.0 = Debug|Any CPU
		{E1FFBEA0-5FCB-4F42-B0D8-365A259F5DC4}.Release|Any CPU.ActiveCfg = Release|Any CPU
		{E1FFBEA0-5FCB-4F42-B0D8-365A259F5DC4}.Release|Any CPU.Build.0 = Release|Any CPU
	EndGlobalSection
	GlobalSection(SolutionProperties) = preSolution
		HideSolutionNode = FALSE
	EndGlobalSection
	GlobalSection(ExtensibilityGlobals) = postSolution
		SolutionGuid = {69D751C2-03C4-4C04-8806-D416228294AE}
	EndGlobalSection
EndGlobal
